// !$*UTF8*$!
{
	archiveVersion = 1;
	classes = {
	};
	objectVersion = 51;
	objects = {

/* Begin PBXBuildFile section */
		301C6F6625433B1B00E885A3 /* AppDelegate.swift in Sources */ = {isa = PBXBuildFile; fileRef = 301C6F6525433B1B00E885A3 /* AppDelegate.swift */; };
		301C6F6825433B1B00E885A3 /* SceneDelegate.swift in Sources */ = {isa = PBXBuildFile; fileRef = 301C6F6725433B1B00E885A3 /* SceneDelegate.swift */; };
		301C6F6D25433B1B00E885A3 /* Control.storyboard in Resources */ = {isa = PBXBuildFile; fileRef = 301C6F6B25433B1B00E885A3 /* Control.storyboard */; };
		301C6F7025433B1B00E885A3 /* Control.xcdatamodeld in Sources */ = {isa = PBXBuildFile; fileRef = 301C6F6E25433B1B00E885A3 /* Control.xcdatamodeld */; };
		301C6F7225433B1E00E885A3 /* Assets.xcassets in Resources */ = {isa = PBXBuildFile; fileRef = 301C6F7125433B1E00E885A3 /* Assets.xcassets */; };
		301C6F7525433B1E00E885A3 /* LaunchScreen.storyboard in Resources */ = {isa = PBXBuildFile; fileRef = 301C6F7325433B1E00E885A3 /* LaunchScreen.storyboard */; };
		30282B43254E27D000E6DF48 /* DeteModel.swift in Sources */ = {isa = PBXBuildFile; fileRef = 30282B42254E27D000E6DF48 /* DeteModel.swift */; };
		303CFA51254D984800A48F1A /* SelectedAffair.swift in Sources */ = {isa = PBXBuildFile; fileRef = 303CFA50254D984800A48F1A /* SelectedAffair.swift */; };
		303CFA57254DE92A00A48F1A /* AffairCollectionViewCell.swift in Sources */ = {isa = PBXBuildFile; fileRef = 303CFA56254DE92A00A48F1A /* AffairCollectionViewCell.swift */; };
		303DDC63254C922400522F6B /* UILabel.swift in Sources */ = {isa = PBXBuildFile; fileRef = 303DDC62254C922400522F6B /* UILabel.swift */; };
		303E79152547157700645D99 /* SideMenu.storyboard in Resources */ = {isa = PBXBuildFile; fileRef = 303E79142547157700645D99 /* SideMenu.storyboard */; };
		303E792425472BC400645D99 /* AddAffairViewController.swift in Sources */ = {isa = PBXBuildFile; fileRef = 303E792325472BC400645D99 /* AddAffairViewController.swift */; };
		30679980254349B400D26F4B /* AffairMiddleCell.swift in Sources */ = {isa = PBXBuildFile; fileRef = 3067997F254349B400D26F4B /* AffairMiddleCell.swift */; };
		3067998725434B6C00D26F4B /* AffairModel.swift in Sources */ = {isa = PBXBuildFile; fileRef = 3067998625434B6C00D26F4B /* AffairModel.swift */; };
		307823072545BD4D00A4C45C /* ControlViewController.swift in Sources */ = {isa = PBXBuildFile; fileRef = 307823062545BD4D00A4C45C /* ControlViewController.swift */; };
		309D13E32548C1370077170A /* SettingViewController.swift in Sources */ = {isa = PBXBuildFile; fileRef = 309D13E22548C1370077170A /* SettingViewController.swift */; };
		30A8A7E225448A180043567E /* AffairFirstCell.swift in Sources */ = {isa = PBXBuildFile; fileRef = 30A8A7E125448A180043567E /* AffairFirstCell.swift */; };
		30A8A7E625448A270043567E /* AffairLastCell.swift in Sources */ = {isa = PBXBuildFile; fileRef = 30A8A7E525448A270043567E /* AffairLastCell.swift */; };
		30A8A7EF2544BF0E0043567E /* AffairAloneCell.swift in Sources */ = {isa = PBXBuildFile; fileRef = 30A8A7EE2544BF0E0043567E /* AffairAloneCell.swift */; };
		30A8A7F82544D5340043567E /* MenuTableViewController.swift in Sources */ = {isa = PBXBuildFile; fileRef = 30A8A7F72544D5340043567E /* MenuTableViewController.swift */; };
		C7DCC439808F1EA5BB10FA66 /* Pods_Control.framework in Frameworks */ = {isa = PBXBuildFile; fileRef = 7A751506D819B200A93F9D94 /* Pods_Control.framework */; };
/* End PBXBuildFile section */

/* Begin PBXFileReference section */
		301C6F6225433B1B00E885A3 /* ControlApp.app */ = {isa = PBXFileReference; explicitFileType = wrapper.application; includeInIndex = 0; path = ControlApp.app; sourceTree = BUILT_PRODUCTS_DIR; };
		301C6F6525433B1B00E885A3 /* AppDelegate.swift */ = {isa = PBXFileReference; lastKnownFileType = sourcecode.swift; path = AppDelegate.swift; sourceTree = "<group>"; };
		301C6F6725433B1B00E885A3 /* SceneDelegate.swift */ = {isa = PBXFileReference; lastKnownFileType = sourcecode.swift; path = SceneDelegate.swift; sourceTree = "<group>"; };
		301C6F6C25433B1B00E885A3 /* Base */ = {isa = PBXFileReference; lastKnownFileType = file.storyboard; name = Base; path = Base.lproj/Control.storyboard; sourceTree = "<group>"; };
		301C6F6F25433B1B00E885A3 /* Control.xcdatamodel */ = {isa = PBXFileReference; lastKnownFileType = wrapper.xcdatamodel; path = Control.xcdatamodel; sourceTree = "<group>"; };
		301C6F7125433B1E00E885A3 /* Assets.xcassets */ = {isa = PBXFileReference; lastKnownFileType = folder.assetcatalog; path = Assets.xcassets; sourceTree = "<group>"; };
		301C6F7425433B1E00E885A3 /* Base */ = {isa = PBXFileReference; lastKnownFileType = file.storyboard; name = Base; path = Base.lproj/LaunchScreen.storyboard; sourceTree = "<group>"; };
		301C6F7625433B1E00E885A3 /* Info.plist */ = {isa = PBXFileReference; lastKnownFileType = text.plist.xml; path = Info.plist; sourceTree = "<group>"; };
		30282B42254E27D000E6DF48 /* DeteModel.swift */ = {isa = PBXFileReference; lastKnownFileType = sourcecode.swift; path = DeteModel.swift; sourceTree = "<group>"; };
		303CFA50254D984800A48F1A /* SelectedAffair.swift */ = {isa = PBXFileReference; lastKnownFileType = sourcecode.swift; path = SelectedAffair.swift; sourceTree = "<group>"; };
		303CFA56254DE92A00A48F1A /* AffairCollectionViewCell.swift */ = {isa = PBXFileReference; lastKnownFileType = sourcecode.swift; path = AffairCollectionViewCell.swift; sourceTree = "<group>"; };
		303DDC62254C922400522F6B /* UILabel.swift */ = {isa = PBXFileReference; lastKnownFileType = sourcecode.swift; path = UILabel.swift; sourceTree = "<group>"; };
		303E79142547157700645D99 /* SideMenu.storyboard */ = {isa = PBXFileReference; fileEncoding = 4; lastKnownFileType = file.storyboard; path = SideMenu.storyboard; sourceTree = "<group>"; };
		303E792325472BC400645D99 /* AddAffairViewController.swift */ = {isa = PBXFileReference; lastKnownFileType = sourcecode.swift; path = AddAffairViewController.swift; sourceTree = "<group>"; };
		3067997F254349B400D26F4B /* AffairMiddleCell.swift */ = {isa = PBXFileReference; lastKnownFileType = sourcecode.swift; path = AffairMiddleCell.swift; sourceTree = "<group>"; };
		3067998625434B6C00D26F4B /* AffairModel.swift */ = {isa = PBXFileReference; lastKnownFileType = sourcecode.swift; path = AffairModel.swift; sourceTree = "<group>"; };
		307823062545BD4D00A4C45C /* ControlViewController.swift */ = {isa = PBXFileReference; lastKnownFileType = sourcecode.swift; path = ControlViewController.swift; sourceTree = "<group>"; };
		309D13E22548C1370077170A /* SettingViewController.swift */ = {isa = PBXFileReference; lastKnownFileType = sourcecode.swift; path = SettingViewController.swift; sourceTree = "<group>"; };
		30A8A7E125448A180043567E /* AffairFirstCell.swift */ = {isa = PBXFileReference; lastKnownFileType = sourcecode.swift; path = AffairFirstCell.swift; sourceTree = "<group>"; };
		30A8A7E525448A270043567E /* AffairLastCell.swift */ = {isa = PBXFileReference; lastKnownFileType = sourcecode.swift; path = AffairLastCell.swift; sourceTree = "<group>"; };
		30A8A7EE2544BF0E0043567E /* AffairAloneCell.swift */ = {isa = PBXFileReference; lastKnownFileType = sourcecode.swift; path = AffairAloneCell.swift; sourceTree = "<group>"; };
		30A8A7F72544D5340043567E /* MenuTableViewController.swift */ = {isa = PBXFileReference; lastKnownFileType = sourcecode.swift; path = MenuTableViewController.swift; sourceTree = "<group>"; };
		5CCE0E405BE6C14EA4DA341C /* Pods-Control.release.xcconfig */ = {isa = PBXFileReference; includeInIndex = 1; lastKnownFileType = text.xcconfig; name = "Pods-Control.release.xcconfig"; path = "Target Support Files/Pods-Control/Pods-Control.release.xcconfig"; sourceTree = "<group>"; };
		74293DA734FDE0F804097E05 /* Pods-Control.debug.xcconfig */ = {isa = PBXFileReference; includeInIndex = 1; lastKnownFileType = text.xcconfig; name = "Pods-Control.debug.xcconfig"; path = "Target Support Files/Pods-Control/Pods-Control.debug.xcconfig"; sourceTree = "<group>"; };
		7A751506D819B200A93F9D94 /* Pods_Control.framework */ = {isa = PBXFileReference; explicitFileType = wrapper.framework; includeInIndex = 0; path = Pods_Control.framework; sourceTree = BUILT_PRODUCTS_DIR; };
/* End PBXFileReference section */

/* Begin PBXFrameworksBuildPhase section */
		301C6F5F25433B1B00E885A3 /* Frameworks */ = {
			isa = PBXFrameworksBuildPhase;
			buildActionMask = 2147483647;
			files = (
				C7DCC439808F1EA5BB10FA66 /* Pods_Control.framework in Frameworks */,
			);
			runOnlyForDeploymentPostprocessing = 0;
		};
/* End PBXFrameworksBuildPhase section */

/* Begin PBXGroup section */
		0BFEFB99E848A3808B457596 /* Frameworks */ = {
			isa = PBXGroup;
			children = (
				7A751506D819B200A93F9D94 /* Pods_Control.framework */,
			);
			name = Frameworks;
			sourceTree = "<group>";
		};
		301C6F5925433B1A00E885A3 = {
			isa = PBXGroup;
			children = (
				301C6F6325433B1B00E885A3 /* Products */,
				301C6F6425433B1B00E885A3 /* Control */,
				9F666CEFD1DCEBADDF1B0D21 /* Pods */,
				0BFEFB99E848A3808B457596 /* Frameworks */,
			);
			sourceTree = "<group>";
		};
		301C6F6325433B1B00E885A3 /* Products */ = {
			isa = PBXGroup;
			children = (
				301C6F6225433B1B00E885A3 /* ControlApp.app */,
			);
			name = Products;
			sourceTree = "<group>";
		};
		301C6F6425433B1B00E885A3 /* Control */ = {
			isa = PBXGroup;
			children = (
				301C6F7E25433C6200E885A3 /* Application */,
				301C6F8025433C6B00E885A3 /* Resources */,
				303DDC61254C920200522F6B /* Extension */,
				3067998525434B5200D26F4B /* Model */,
				301C6F8225433C9300E885A3 /* CoreData */,
				301C6F8125433C7F00E885A3 /* Storyboards */,
				303CFA55254DE8A100A48F1A /* Cell */,
				3051B4BD25460BD60024F0E2 /* AffairControllers */,
			);
			path = Control;
			sourceTree = "<group>";
		};
		301C6F7E25433C6200E885A3 /* Application */ = {
			isa = PBXGroup;
			children = (
				301C6F6525433B1B00E885A3 /* AppDelegate.swift */,
				301C6F6725433B1B00E885A3 /* SceneDelegate.swift */,
			);
			path = Application;
			sourceTree = "<group>";
		};
		301C6F8025433C6B00E885A3 /* Resources */ = {
			isa = PBXGroup;
			children = (
				301C6F7125433B1E00E885A3 /* Assets.xcassets */,
				301C6F7625433B1E00E885A3 /* Info.plist */,
			);
			path = Resources;
			sourceTree = "<group>";
		};
		301C6F8125433C7F00E885A3 /* Storyboards */ = {
			isa = PBXGroup;
			children = (
				301C6F8925433DCC00E885A3 /* LaunchScreen */,
				301C6F6B25433B1B00E885A3 /* Control.storyboard */,
				303E79142547157700645D99 /* SideMenu.storyboard */,
			);
			path = Storyboards;
			sourceTree = "<group>";
		};
		301C6F8225433C9300E885A3 /* CoreData */ = {
			isa = PBXGroup;
			children = (
				301C6F6E25433B1B00E885A3 /* Control.xcdatamodeld */,
			);
			path = CoreData;
			sourceTree = "<group>";
		};
		301C6F8925433DCC00E885A3 /* LaunchScreen */ = {
			isa = PBXGroup;
			children = (
				301C6F7325433B1E00E885A3 /* LaunchScreen.storyboard */,
			);
			path = LaunchScreen;
			sourceTree = "<group>";
		};
		303CFA54254DE87B00A48F1A /* CollectionViewCell */ = {
			isa = PBXGroup;
			children = (
				303CFA56254DE92A00A48F1A /* AffairCollectionViewCell.swift */,
			);
			path = CollectionViewCell;
			sourceTree = "<group>";
		};
		303CFA55254DE8A100A48F1A /* Cell */ = {
			isa = PBXGroup;
			children = (
				30A8A7E925448A490043567E /* TableViewCell */,
				303CFA54254DE87B00A48F1A /* CollectionViewCell */,
			);
			path = Cell;
			sourceTree = "<group>";
		};
		303DDC61254C920200522F6B /* Extension */ = {
			isa = PBXGroup;
			children = (
				303DDC62254C922400522F6B /* UILabel.swift */,
			);
			path = Extension;
			sourceTree = "<group>";
		};
		3051B4BD25460BD60024F0E2 /* AffairControllers */ = {
			isa = PBXGroup;
			children = (
				30A8A7F62544D5110043567E /* SideMenu */,
				307823062545BD4D00A4C45C /* ControlViewController.swift */,
				303CFA50254D984800A48F1A /* SelectedAffair.swift */,
			);
			path = AffairControllers;
			sourceTree = "<group>";
		};
		3067998525434B5200D26F4B /* Model */ = {
			isa = PBXGroup;
			children = (
				3067998625434B6C00D26F4B /* AffairModel.swift */,
				30282B42254E27D000E6DF48 /* DeteModel.swift */,
			);
			path = Model;
			sourceTree = "<group>";
		};
		30A8A7E925448A490043567E /* TableViewCell */ = {
			isa = PBXGroup;
			children = (
				30A8A7E125448A180043567E /* AffairFirstCell.swift */,
				3067997F254349B400D26F4B /* AffairMiddleCell.swift */,
				30A8A7E525448A270043567E /* AffairLastCell.swift */,
				30A8A7EE2544BF0E0043567E /* AffairAloneCell.swift */,
			);
			path = TableViewCell;
			sourceTree = "<group>";
		};
		30A8A7F62544D5110043567E /* SideMenu */ = {
			isa = PBXGroup;
			children = (
				30A8A7F72544D5340043567E /* MenuTableViewController.swift */,
				303E792325472BC400645D99 /* AddAffairViewController.swift */,
				309D13E22548C1370077170A /* SettingViewController.swift */,
			);
			path = SideMenu;
			sourceTree = "<group>";
		};
		9F666CEFD1DCEBADDF1B0D21 /* Pods */ = {
			isa = PBXGroup;
			children = (
				74293DA734FDE0F804097E05 /* Pods-Control.debug.xcconfig */,
				5CCE0E405BE6C14EA4DA341C /* Pods-Control.release.xcconfig */,
			);
			path = Pods;
			sourceTree = "<group>";
		};
/* End PBXGroup section */

/* Begin PBXNativeTarget section */
		301C6F6125433B1B00E885A3 /* ControlApp */ = {
			isa = PBXNativeTarget;
			buildConfigurationList = 301C6F7925433B1E00E885A3 /* Build configuration list for PBXNativeTarget "ControlApp" */;
			buildPhases = (
				A2A0FEA56DE3F82F2FD060E2 /* [CP] Check Pods Manifest.lock */,
				301C6F5E25433B1B00E885A3 /* Sources */,
				301C6F5F25433B1B00E885A3 /* Frameworks */,
				301C6F6025433B1B00E885A3 /* Resources */,
				2EC8EEA32B2DC382B4256C14 /* [CP] Embed Pods Frameworks */,
			);
			buildRules = (
			);
			dependencies = (
			);
			name = ControlApp;
			productName = Control;
			productReference = 301C6F6225433B1B00E885A3 /* ControlApp.app */;
			productType = "com.apple.product-type.application";
		};
/* End PBXNativeTarget section */

/* Begin PBXProject section */
		301C6F5A25433B1B00E885A3 /* Project object */ = {
			isa = PBXProject;
			attributes = {
				LastSwiftUpdateCheck = 1210;
				LastUpgradeCheck = 1210;
				TargetAttributes = {
					301C6F6125433B1B00E885A3 = {
						CreatedOnToolsVersion = 12.1;
					};
				};
			};
			buildConfigurationList = 301C6F5D25433B1B00E885A3 /* Build configuration list for PBXProject "ControlApp" */;
			compatibilityVersion = "Xcode 9.3";
			developmentRegion = en;
			hasScannedForEncodings = 0;
			knownRegions = (
				en,
				Base,
			);
			mainGroup = 301C6F5925433B1A00E885A3;
			productRefGroup = 301C6F6325433B1B00E885A3 /* Products */;
			projectDirPath = "";
			projectRoot = "";
			targets = (
				301C6F6125433B1B00E885A3 /* ControlApp */,
			);
		};
/* End PBXProject section */

/* Begin PBXResourcesBuildPhase section */
		301C6F6025433B1B00E885A3 /* Resources */ = {
			isa = PBXResourcesBuildPhase;
			buildActionMask = 2147483647;
			files = (
				303E79152547157700645D99 /* SideMenu.storyboard in Resources */,
				301C6F7525433B1E00E885A3 /* LaunchScreen.storyboard in Resources */,
				301C6F7225433B1E00E885A3 /* Assets.xcassets in Resources */,
				301C6F6D25433B1B00E885A3 /* Control.storyboard in Resources */,
			);
			runOnlyForDeploymentPostprocessing = 0;
		};
/* End PBXResourcesBuildPhase section */

/* Begin PBXShellScriptBuildPhase section */
		2EC8EEA32B2DC382B4256C14 /* [CP] Embed Pods Frameworks */ = {
			isa = PBXShellScriptBuildPhase;
			buildActionMask = 2147483647;
			files = (
			);
			inputFileListPaths = (
				"${PODS_ROOT}/Target Support Files/Pods-Control/Pods-Control-frameworks-${CONFIGURATION}-input-files.xcfilelist",
			);
			name = "[CP] Embed Pods Frameworks";
			outputFileListPaths = (
				"${PODS_ROOT}/Target Support Files/Pods-Control/Pods-Control-frameworks-${CONFIGURATION}-output-files.xcfilelist",
			);
			runOnlyForDeploymentPostprocessing = 0;
			shellPath = /bin/sh;
			shellScript = "\"${PODS_ROOT}/Target Support Files/Pods-Control/Pods-Control-frameworks.sh\"\n";
			showEnvVarsInLog = 0;
		};
		A2A0FEA56DE3F82F2FD060E2 /* [CP] Check Pods Manifest.lock */ = {
			isa = PBXShellScriptBuildPhase;
			buildActionMask = 2147483647;
			files = (
			);
			inputFileListPaths = (
			);
			inputPaths = (
				"${PODS_PODFILE_DIR_PATH}/Podfile.lock",
				"${PODS_ROOT}/Manifest.lock",
			);
			name = "[CP] Check Pods Manifest.lock";
			outputFileListPaths = (
			);
			outputPaths = (
				"$(DERIVED_FILE_DIR)/Pods-Control-checkManifestLockResult.txt",
			);
			runOnlyForDeploymentPostprocessing = 0;
			shellPath = /bin/sh;
			shellScript = "diff \"${PODS_PODFILE_DIR_PATH}/Podfile.lock\" \"${PODS_ROOT}/Manifest.lock\" > /dev/null\nif [ $? != 0 ] ; then\n    # print error to STDERR\n    echo \"error: The sandbox is not in sync with the Podfile.lock. Run 'pod install' or update your CocoaPods installation.\" >&2\n    exit 1\nfi\n# This output is used by Xcode 'outputs' to avoid re-running this script phase.\necho \"SUCCESS\" > \"${SCRIPT_OUTPUT_FILE_0}\"\n";
			showEnvVarsInLog = 0;
		};
/* End PBXShellScriptBuildPhase section */

/* Begin PBXSourcesBuildPhase section */
		301C6F5E25433B1B00E885A3 /* Sources */ = {
			isa = PBXSourcesBuildPhase;
			buildActionMask = 2147483647;
			files = (
				30A8A7F82544D5340043567E /* MenuTableViewController.swift in Sources */,
				301C6F7025433B1B00E885A3 /* Control.xcdatamodeld in Sources */,
				303DDC63254C922400522F6B /* UILabel.swift in Sources */,
				3067998725434B6C00D26F4B /* AffairModel.swift in Sources */,
				309D13E32548C1370077170A /* SettingViewController.swift in Sources */,
				303CFA51254D984800A48F1A /* SelectedAffair.swift in Sources */,
				301C6F6625433B1B00E885A3 /* AppDelegate.swift in Sources */,
				30A8A7EF2544BF0E0043567E /* AffairAloneCell.swift in Sources */,
				303CFA57254DE92A00A48F1A /* AffairCollectionViewCell.swift in Sources */,
				30A8A7E625448A270043567E /* AffairLastCell.swift in Sources */,
				30679980254349B400D26F4B /* AffairMiddleCell.swift in Sources */,
				301C6F6825433B1B00E885A3 /* SceneDelegate.swift in Sources */,
				307823072545BD4D00A4C45C /* ControlViewController.swift in Sources */,
				30282B43254E27D000E6DF48 /* DeteModel.swift in Sources */,
				303E792425472BC400645D99 /* AddAffairViewController.swift in Sources */,
				30A8A7E225448A180043567E /* AffairFirstCell.swift in Sources */,
			);
			runOnlyForDeploymentPostprocessing = 0;
		};
/* End PBXSourcesBuildPhase section */

/* Begin PBXVariantGroup section */
		301C6F6B25433B1B00E885A3 /* Control.storyboard */ = {
			isa = PBXVariantGroup;
			children = (
				301C6F6C25433B1B00E885A3 /* Base */,
			);
			name = Control.storyboard;
			sourceTree = "<group>";
		};
		301C6F7325433B1E00E885A3 /* LaunchScreen.storyboard */ = {
			isa = PBXVariantGroup;
			children = (
				301C6F7425433B1E00E885A3 /* Base */,
			);
			name = LaunchScreen.storyboard;
			sourceTree = "<group>";
		};
/* End PBXVariantGroup section */

/* Begin XCBuildConfiguration section */
		301C6F7725433B1E00E885A3 /* Debug */ = {
			isa = XCBuildConfiguration;
			buildSettings = {
				ALWAYS_SEARCH_USER_PATHS = NO;
				CLANG_ANALYZER_NONNULL = YES;
				CLANG_ANALYZER_NUMBER_OBJECT_CONVERSION = YES_AGGRESSIVE;
				CLANG_CXX_LANGUAGE_STANDARD = "gnu++14";
				CLANG_CXX_LIBRARY = "libc++";
				CLANG_ENABLE_MODULES = YES;
				CLANG_ENABLE_OBJC_ARC = YES;
				CLANG_ENABLE_OBJC_WEAK = YES;
				CLANG_WARN_BLOCK_CAPTURE_AUTORELEASING = YES;
				CLANG_WARN_BOOL_CONVERSION = YES;
				CLANG_WARN_COMMA = YES;
				CLANG_WARN_CONSTANT_CONVERSION = YES;
				CLANG_WARN_DEPRECATED_OBJC_IMPLEMENTATIONS = YES;
				CLANG_WARN_DIRECT_OBJC_ISA_USAGE = YES_ERROR;
				CLANG_WARN_DOCUMENTATION_COMMENTS = YES;
				CLANG_WARN_EMPTY_BODY = YES;
				CLANG_WARN_ENUM_CONVERSION = YES;
				CLANG_WARN_INFINITE_RECURSION = YES;
				CLANG_WARN_INT_CONVERSION = YES;
				CLANG_WARN_NON_LITERAL_NULL_CONVERSION = YES;
				CLANG_WARN_OBJC_IMPLICIT_RETAIN_SELF = YES;
				CLANG_WARN_OBJC_LITERAL_CONVERSION = YES;
				CLANG_WARN_OBJC_ROOT_CLASS = YES_ERROR;
				CLANG_WARN_QUOTED_INCLUDE_IN_FRAMEWORK_HEADER = YES;
				CLANG_WARN_RANGE_LOOP_ANALYSIS = YES;
				CLANG_WARN_STRICT_PROTOTYPES = YES;
				CLANG_WARN_SUSPICIOUS_MOVE = YES;
				CLANG_WARN_UNGUARDED_AVAILABILITY = YES_AGGRESSIVE;
				CLANG_WARN_UNREACHABLE_CODE = YES;
				CLANG_WARN__DUPLICATE_METHOD_MATCH = YES;
				COPY_PHASE_STRIP = NO;
				DEBUG_INFORMATION_FORMAT = dwarf;
				ENABLE_STRICT_OBJC_MSGSEND = YES;
				ENABLE_TESTABILITY = YES;
				GCC_C_LANGUAGE_STANDARD = gnu11;
				GCC_DYNAMIC_NO_PIC = NO;
				GCC_NO_COMMON_BLOCKS = YES;
				GCC_OPTIMIZATION_LEVEL = 0;
				GCC_PREPROCESSOR_DEFINITIONS = (
					"DEBUG=1",
					"$(inherited)",
				);
				GCC_WARN_64_TO_32_BIT_CONVERSION = YES;
				GCC_WARN_ABOUT_RETURN_TYPE = YES_ERROR;
				GCC_WARN_UNDECLARED_SELECTOR = YES;
				GCC_WARN_UNINITIALIZED_AUTOS = YES_AGGRESSIVE;
				GCC_WARN_UNUSED_FUNCTION = YES;
				GCC_WARN_UNUSED_VARIABLE = YES;
				IPHONEOS_DEPLOYMENT_TARGET = 13.0;
				MTL_ENABLE_DEBUG_INFO = INCLUDE_SOURCE;
				MTL_FAST_MATH = YES;
				ONLY_ACTIVE_ARCH = YES;
				SDKROOT = iphoneos;
				SWIFT_ACTIVE_COMPILATION_CONDITIONS = DEBUG;
				SWIFT_OPTIMIZATION_LEVEL = "-Onone";
			};
			name = Debug;
		};
		301C6F7825433B1E00E885A3 /* Release */ = {
			isa = XCBuildConfiguration;
			buildSettings = {
				ALWAYS_SEARCH_USER_PATHS = NO;
				CLANG_ANALYZER_NONNULL = YES;
				CLANG_ANALYZER_NUMBER_OBJECT_CONVERSION = YES_AGGRESSIVE;
				CLANG_CXX_LANGUAGE_STANDARD = "gnu++14";
				CLANG_CXX_LIBRARY = "libc++";
				CLANG_ENABLE_MODULES = YES;
				CLANG_ENABLE_OBJC_ARC = YES;
				CLANG_ENABLE_OBJC_WEAK = YES;
				CLANG_WARN_BLOCK_CAPTURE_AUTORELEASING = YES;
				CLANG_WARN_BOOL_CONVERSION = YES;
				CLANG_WARN_COMMA = YES;
				CLANG_WARN_CONSTANT_CONVERSION = YES;
				CLANG_WARN_DEPRECATED_OBJC_IMPLEMENTATIONS = YES;
				CLANG_WARN_DIRECT_OBJC_ISA_USAGE = YES_ERROR;
				CLANG_WARN_DOCUMENTATION_COMMENTS = YES;
				CLANG_WARN_EMPTY_BODY = YES;
				CLANG_WARN_ENUM_CONVERSION = YES;
				CLANG_WARN_INFINITE_RECURSION = YES;
				CLANG_WARN_INT_CONVERSION = YES;
				CLANG_WARN_NON_LITERAL_NULL_CONVERSION = YES;
				CLANG_WARN_OBJC_IMPLICIT_RETAIN_SELF = YES;
				CLANG_WARN_OBJC_LITERAL_CONVERSION = YES;
				CLANG_WARN_OBJC_ROOT_CLASS = YES_ERROR;
				CLANG_WARN_QUOTED_INCLUDE_IN_FRAMEWORK_HEADER = YES;
				CLANG_WARN_RANGE_LOOP_ANALYSIS = YES;
				CLANG_WARN_STRICT_PROTOTYPES = YES;
				CLANG_WARN_SUSPICIOUS_MOVE = YES;
				CLANG_WARN_UNGUARDED_AVAILABILITY = YES_AGGRESSIVE;
				CLANG_WARN_UNREACHABLE_CODE = YES;
				CLANG_WARN__DUPLICATE_METHOD_MATCH = YES;
				COPY_PHASE_STRIP = NO;
				DEBUG_INFORMATION_FORMAT = "dwarf-with-dsym";
				ENABLE_NS_ASSERTIONS = NO;
				ENABLE_STRICT_OBJC_MSGSEND = YES;
				GCC_C_LANGUAGE_STANDARD = gnu11;
				GCC_NO_COMMON_BLOCKS = YES;
				GCC_WARN_64_TO_32_BIT_CONVERSION = YES;
				GCC_WARN_ABOUT_RETURN_TYPE = YES_ERROR;
				GCC_WARN_UNDECLARED_SELECTOR = YES;
				GCC_WARN_UNINITIALIZED_AUTOS = YES_AGGRESSIVE;
				GCC_WARN_UNUSED_FUNCTION = YES;
				GCC_WARN_UNUSED_VARIABLE = YES;
				IPHONEOS_DEPLOYMENT_TARGET = 13.0;
				MTL_ENABLE_DEBUG_INFO = NO;
				MTL_FAST_MATH = YES;
				SDKROOT = iphoneos;
				SWIFT_COMPILATION_MODE = wholemodule;
				SWIFT_OPTIMIZATION_LEVEL = "-O";
				VALIDATE_PRODUCT = YES;
			};
			name = Release;
		};
		301C6F7A25433B1E00E885A3 /* Debug */ = {
			isa = XCBuildConfiguration;
			baseConfigurationReference = 74293DA734FDE0F804097E05 /* Pods-Control.debug.xcconfig */;
			buildSettings = {
				ASSETCATALOG_COMPILER_APPICON_NAME = AppIcon;
				ASSETCATALOG_COMPILER_GLOBAL_ACCENT_COLOR_NAME = AccentColor;
				CODE_SIGN_STYLE = Automatic;
				DEVELOPMENT_TEAM = 56ACQP3S6V;
				INFOPLIST_FILE = Control/Resources/Info.plist;
				IPHONEOS_DEPLOYMENT_TARGET = 13.0;
				LD_RUNPATH_SEARCH_PATHS = (
					"$(inherited)",
					"@executable_path/Frameworks",
				);
				PRODUCT_BUNDLE_IDENTIFIER = SkyNET.Control;
				PRODUCT_NAME = "$(TARGET_NAME)";
				SWIFT_VERSION = 5.0;
				TARGETED_DEVICE_FAMILY = "1,2";
			};
			name = Debug;
		};
		301C6F7B25433B1E00E885A3 /* Release */ = {
			isa = XCBuildConfiguration;
			baseConfigurationReference = 5CCE0E405BE6C14EA4DA341C /* Pods-Control.release.xcconfig */;
			buildSettings = {
				ASSETCATALOG_COMPILER_APPICON_NAME = AppIcon;
				ASSETCATALOG_COMPILER_GLOBAL_ACCENT_COLOR_NAME = AccentColor;
				CODE_SIGN_STYLE = Automatic;
				DEVELOPMENT_TEAM = 56ACQP3S6V;
				INFOPLIST_FILE = Control/Resources/Info.plist;
				IPHONEOS_DEPLOYMENT_TARGET = 13.0;
				LD_RUNPATH_SEARCH_PATHS = (
					"$(inherited)",
					"@executable_path/Frameworks",
				);
				PRODUCT_BUNDLE_IDENTIFIER = SkyNET.Control;
				PRODUCT_NAME = "$(TARGET_NAME)";
				SWIFT_VERSION = 5.0;
				TARGETED_DEVICE_FAMILY = "1,2";
			};
			name = Release;
		};
/* End XCBuildConfiguration section */

/* Begin XCConfigurationList section */
		301C6F5D25433B1B00E885A3 /* Build configuration list for PBXProject "ControlApp" */ = {
			isa = XCConfigurationList;
			buildConfigurations = (
				301C6F7725433B1E00E885A3 /* Debug */,
				301C6F7825433B1E00E885A3 /* Release */,
			);
			defaultConfigurationIsVisible = 0;
			defaultConfigurationName = Release;
		};
		301C6F7925433B1E00E885A3 /* Build configuration list for PBXNativeTarget "ControlApp" */ = {
			isa = XCConfigurationList;
			buildConfigurations = (
				301C6F7A25433B1E00E885A3 /* Debug */,
				301C6F7B25433B1E00E885A3 /* Release */,
			);
			defaultConfigurationIsVisible = 0;
			defaultConfigurationName = Release;
		};
/* End XCConfigurationList section */

/* Begin XCVersionGroup section */
		301C6F6E25433B1B00E885A3 /* Control.xcdatamodeld */ = {
			isa = XCVersionGroup;
			children = (
				301C6F6F25433B1B00E885A3 /* Control.xcdatamodel */,
			);
			currentVersion = 301C6F6F25433B1B00E885A3 /* Control.xcdatamodel */;
			path = Control.xcdatamodeld;
			sourceTree = "<group>";
			versionGroupType = wrapper.xcdatamodel;
		};
/* End XCVersionGroup section */
	};
	rootObject = 301C6F5A25433B1B00E885A3 /* Project object */;
}
